
Microsoft Visual Studio Solution File, Format Version 12.00
# Visual Studio 15
VisualStudioVersion = 15.0.27428.2027
MinimumVisualStudioVersion = 10.0.40219.1
Project("{FAE04EC0-301F-11D3-BF4B-00C04F79EFBC}") = "WEB.Data", "WEB.Data\WEB.Data.csproj", "{B6E379EB-8496-4F22-8129-01B041C3943E}"
EndProject
Project("{FAE04EC0-301F-11D3-BF4B-00C04F79EFBC}") = "WEB.Repo", "WEB.Repo\WEB.Repo.csproj", "{053625E4-892C-4A0A-9339-120FED1844A7}"
EndProject
Project("{FAE04EC0-301F-11D3-BF4B-00C04F79EFBC}") = "WEB.Service", "WEB.Service\WEB.Service.csproj", "{EB8C43EE-4823-4B5C-8592-8E9F2AE78785}"
EndProject
Project("{FAE04EC0-301F-11D3-BF4B-00C04F79EFBC}") = "WEB.Web", "WEB.Web\WEB.Web.csproj", "{D3CAC995-3A52-4AEA-BFBB-DEB21D362B17}"
EndProject
Global
	GlobalSection(SolutionConfigurationPlatforms) = preSolution
		Debug|Any CPU = Debug|Any CPU
		Release|Any CPU = Release|Any CPU
	EndGlobalSection
	GlobalSection(ProjectConfigurationPlatforms) = postSolution
		{B6E379EB-8496-4F22-8129-01B041C3943E}.Debug|Any CPU.ActiveCfg = Debug|Any CPU
		{B6E379EB-8496-4F22-8129-01B041C3943E}.Debug|Any CPU.Build.0 = Debug|Any CPU
		{B6E379EB-8496-4F22-8129-01B041C3943E}.Release|Any CPU.ActiveCfg = Release|Any CPU
		{B6E379EB-8496-4F22-8129-01B041C3943E}.Release|Any CPU.Build.0 = Release|Any CPU
		{053625E4-892C-4A0A-9339-120FED1844A7}.Debug|Any CPU.ActiveCfg = Debug|Any CPU
		{053625E4-892C-4A0A-9339-120FED1844A7}.Debug|Any CPU.Build.0 = Debug|Any CPU
		{053625E4-892C-4A0A-9339-120FED1844A7}.Release|Any CPU.ActiveCfg = Release|Any CPU
		{053625E4-892C-4A0A-9339-120FED1844A7}.Release|Any CPU.Build.0 = Release|Any CPU
		{EB8C43EE-4823-4B5C-8592-8E9F2AE78785}.Debug|Any CPU.ActiveCfg = Debug|Any CPU
		{EB8C43EE-4823-4B5C-8592-8E9F2AE78785}.Debug|Any CPU.Build.0 = Debug|Any CPU
		{EB8C43EE-4823-4B5C-8592-8E9F2AE78785}.Release|Any CPU.ActiveCfg = Release|Any CPU
		{EB8C43EE-4823-4B5C-8592-8E9F2AE78785}.Release|Any CPU.Build.0 = Release|Any CPU
		{D3CAC995-3A52-4AEA-BFBB-DEB21D362B17}.Debug|Any CPU.ActiveCfg = Debug|Any CPU
		{D3CAC995-3A52-4AEA-BFBB-DEB21D362B17}.Debug|Any CPU.Build.0 = Debug|Any CPU
		{D3CAC995-3A52-4AEA-BFBB-DEB21D362B17}.Release|Any CPU.ActiveCfg = Release|Any CPU
		{D3CAC995-3A52-4AEA-BFBB-DEB21D362B17}.Release|Any CPU.Build.0 = Release|Any CPU
	EndGlobalSection
	GlobalSection(SolutionProperties) = preSolution
		HideSolutionNode = FALSE
	EndGlobalSection
	GlobalSection(ExtensibilityGlobals) = postSolution
		SolutionGuid = {03EF92B0-D380-4A60-9CB5-ED55C99F24B8}
	EndGlobalSection
EndGlobal
